<?xml version="1.0" encoding="UTF-8"?>
<CodeBlocks_project_file>
	<FileVersion major="1" minor="6"/>
	<Project>
		<Option title="PoSt"/>
		<Option makefile_is_custom="1"/>
		<Option compiler="gcc"/>
		<Option virtualFolders="CMake Files\;CMake Files\tests\;"/>
		<Build>
			<Target title="all">
				<Option working_dir="/Users/xieqingyuan/code/PoSt"/>
				<Option type="4"/>
				<MakeCommands>
					<Build command="/usr/bin/make -f &quot;/Users/xieqingyuan/code/PoSt/Makefile&quot;  VERBOSE=1 all"/>
					<CompileFile command="/usr/bin/make -f &quot;/Users/xieqingyuan/code/PoSt/Makefile&quot;  VERBOSE=1 &quot;$file&quot;"/>
					<Clean command="/usr/bin/make -f &quot;/Users/xieqingyuan/code/PoSt/Makefile&quot;  VERBOSE=1 clean"/>
					<DistClean command="/usr/bin/make -f &quot;/Users/xieqingyuan/code/PoSt/Makefile&quot;  VERBOSE=1 clean"/>
				</MakeCommands>
			</Target>
			<Target title="rebuild_cache">
				<Option working_dir="/Users/xieqingyuan/code/PoSt"/>
				<Option type="4"/>
				<MakeCommands>
					<Build command="/usr/bin/make -f &quot;/Users/xieqingyuan/code/PoSt/Makefile&quot;  VERBOSE=1 rebuild_cache"/>
					<CompileFile command="/usr/bin/make -f &quot;/Users/xieqingyuan/code/PoSt/Makefile&quot;  VERBOSE=1 &quot;$file&quot;"/>
					<Clean command="/usr/bin/make -f &quot;/Users/xieqingyuan/code/PoSt/Makefile&quot;  VERBOSE=1 clean"/>
					<DistClean command="/usr/bin/make -f &quot;/Users/xieqingyuan/code/PoSt/Makefile&quot;  VERBOSE=1 clean"/>
				</MakeCommands>
			</Target>
			<Target title="edit_cache">
				<Option working_dir="/Users/xieqingyuan/code/PoSt"/>
				<Option type="4"/>
				<MakeCommands>
					<Build command="/usr/bin/make -f &quot;/Users/xieqingyuan/code/PoSt/Makefile&quot;  VERBOSE=1 edit_cache"/>
					<CompileFile command="/usr/bin/make -f &quot;/Users/xieqingyuan/code/PoSt/Makefile&quot;  VERBOSE=1 &quot;$file&quot;"/>
					<Clean command="/usr/bin/make -f &quot;/Users/xieqingyuan/code/PoSt/Makefile&quot;  VERBOSE=1 clean"/>
					<DistClean command="/usr/bin/make -f &quot;/Users/xieqingyuan/code/PoSt/Makefile&quot;  VERBOSE=1 clean"/>
				</MakeCommands>
			</Target>
			<Target title="hmac">
				<Option output="/Users/xieqingyuan/code/PoSt/tests/hmac" prefix_auto="0" extension_auto="0"/>
				<Option working_dir="/Users/xieqingyuan/code/PoSt/tests"/>
				<Option object_output="./"/>
				<Option type="1"/>
				<Option compiler="gcc"/>
				<Compiler>
					<Add directory="/usr/local/include"/>
				</Compiler>
				<MakeCommands>
					<Build command="/usr/bin/make -f &quot;/Users/xieqingyuan/code/PoSt/tests/Makefile&quot;  VERBOSE=1 hmac"/>
					<CompileFile command="/usr/bin/make -f &quot;/Users/xieqingyuan/code/PoSt/tests/Makefile&quot;  VERBOSE=1 &quot;$file&quot;"/>
					<Clean command="/usr/bin/make -f &quot;/Users/xieqingyuan/code/PoSt/tests/Makefile&quot;  VERBOSE=1 clean"/>
					<DistClean command="/usr/bin/make -f &quot;/Users/xieqingyuan/code/PoSt/tests/Makefile&quot;  VERBOSE=1 clean"/>
				</MakeCommands>
			</Target>
			<Target title="hmac/fast">
				<Option output="/Users/xieqingyuan/code/PoSt/tests/hmac" prefix_auto="0" extension_auto="0"/>
				<Option working_dir="/Users/xieqingyuan/code/PoSt/tests"/>
				<Option object_output="./"/>
				<Option type="1"/>
				<Option compiler="gcc"/>
				<Compiler>
					<Add directory="/usr/local/include"/>
				</Compiler>
				<MakeCommands>
					<Build command="/usr/bin/make -f &quot;/Users/xieqingyuan/code/PoSt/tests/Makefile&quot;  VERBOSE=1 hmac/fast"/>
					<CompileFile command="/usr/bin/make -f &quot;/Users/xieqingyuan/code/PoSt/tests/Makefile&quot;  VERBOSE=1 &quot;$file&quot;"/>
					<Clean command="/usr/bin/make -f &quot;/Users/xieqingyuan/code/PoSt/tests/Makefile&quot;  VERBOSE=1 clean"/>
					<DistClean command="/usr/bin/make -f &quot;/Users/xieqingyuan/code/PoSt/tests/Makefile&quot;  VERBOSE=1 clean"/>
				</MakeCommands>
			</Target>
			<Target title="sha3">
				<Option output="/Users/xieqingyuan/code/PoSt/tests/sha3" prefix_auto="0" extension_auto="0"/>
				<Option working_dir="/Users/xieqingyuan/code/PoSt/tests"/>
				<Option object_output="./"/>
				<Option type="1"/>
				<Option compiler="gcc"/>
				<Compiler>
					<Add directory="/usr/local/include"/>
				</Compiler>
				<MakeCommands>
					<Build command="/usr/bin/make -f &quot;/Users/xieqingyuan/code/PoSt/tests/Makefile&quot;  VERBOSE=1 sha3"/>
					<CompileFile command="/usr/bin/make -f &quot;/Users/xieqingyuan/code/PoSt/tests/Makefile&quot;  VERBOSE=1 &quot;$file&quot;"/>
					<Clean command="/usr/bin/make -f &quot;/Users/xieqingyuan/code/PoSt/tests/Makefile&quot;  VERBOSE=1 clean"/>
					<DistClean command="/usr/bin/make -f &quot;/Users/xieqingyuan/code/PoSt/tests/Makefile&quot;  VERBOSE=1 clean"/>
				</MakeCommands>
			</Target>
			<Target title="sha3/fast">
				<Option output="/Users/xieqingyuan/code/PoSt/tests/sha3" prefix_auto="0" extension_auto="0"/>
				<Option working_dir="/Users/xieqingyuan/code/PoSt/tests"/>
				<Option object_output="./"/>
				<Option type="1"/>
				<Option compiler="gcc"/>
				<Compiler>
					<Add directory="/usr/local/include"/>
				</Compiler>
				<MakeCommands>
					<Build command="/usr/bin/make -f &quot;/Users/xieqingyuan/code/PoSt/tests/Makefile&quot;  VERBOSE=1 sha3/fast"/>
					<CompileFile command="/usr/bin/make -f &quot;/Users/xieqingyuan/code/PoSt/tests/Makefile&quot;  VERBOSE=1 &quot;$file&quot;"/>
					<Clean command="/usr/bin/make -f &quot;/Users/xieqingyuan/code/PoSt/tests/Makefile&quot;  VERBOSE=1 clean"/>
					<DistClean command="/usr/bin/make -f &quot;/Users/xieqingyuan/code/PoSt/tests/Makefile&quot;  VERBOSE=1 clean"/>
				</MakeCommands>
			</Target>
		</Build>
		<Unit filename="/Users/xieqingyuan/code/PoSt/tests/hmac_sha3.cpp">
			<Option target="hmac"/>
		</Unit>
		<Unit filename="/Users/xieqingyuan/code/PoSt/tests/sha3.cpp">
			<Option target="sha3"/>
		</Unit>
		<Unit filename="/Users/xieqingyuan/code/PoSt/CMakeLists.txt">
			<Option virtualFolder="CMake Files\"/>
		</Unit>
		<Unit filename="/Users/xieqingyuan/code/PoSt/tests/CMakeLists.txt">
			<Option virtualFolder="CMake Files\tests\"/>
		</Unit>
	</Project>
</CodeBlocks_project_file>
